{
  "name": "activeone",
  "version": "1.0.0",
  "lockfileVersion": 3,
  "requires": true,
  "packages": {
    "": {
      "name": "activeone",
      "version": "1.0.0",
      "license": "ISC",
      "dependencies": {
        "@projectwallace/css-code-quality": "^3.0.2"
      }
    },
    "node_modules/@bramus/specificity": {
      "version": "2.4.2",
      "resolved": "https://registry.npmjs.org/@bramus/specificity/-/specificity-2.4.2.tgz",
      "integrity": "sha512-ctxtJ/eA+t+6q2++vj5j7FYX3nRu311q1wfYH3xjlLOsczhlhxAg2FWNUXhpGvAw3BWo1xBcvOV6/YLc2r5FJw==",
      "license": "MIT",
      "dependencies": {
        "css-tree": "^3.0.0"
      },
      "bin": {
        "specificity": "bin/cli.js"
      }
    },
    "node_modules/@projectwallace/css-analyzer": {
      "version": "7.6.0",
      "resolved": "https://registry.npmjs.org/@projectwallace/css-analyzer/-/css-analyzer-7.6.0.tgz",
      "integrity": "sha512-up4GNW2WM/L0cKBrwhoKKcKB+Q9gRvlL9+llGRh9wZraUSzlJSoVvv76Olsx6K/gfQjZZxQiwQEBwcsVcVfDlg==",
      "license": "MIT",
      "dependencies": {
        "@bramus/specificity": "^2.4.2",
        "css-tree": "^3.1.0"
      },
      "engines": {
        "node": ">=18.0.0"
      }
    },
    "node_modules/@projectwallace/css-code-quality": {
      "version": "3.0.2",
      "resolved": "https://registry.npmjs.org/@projectwallace/css-code-quality/-/css-code-quality-3.0.2.tgz",
      "integrity": "sha512-1tSlvamUgn+X44t84c6wMszSPn4PbwqJBZSHCvB4457UqjXEZxs/owxTfx6LwDPD0lPBCEQ/XkUsT8/NahNFaw==",
      "license": "MIT",
      "dependencies": {
        "@projectwallace/css-analyzer": "^7.1.1"
      },
      "engines": {
        "node": ">=16.0.0"
      }
    },
    "node_modules/css-tree": {
      "version": "3.1.0",
      "resolved": "https://registry.npmjs.org/css-tree/-/css-tree-3.1.0.tgz",
      "integrity": "sha512-0eW44TGN5SQXU1mWSkKwFstI/22X2bG1nYzZTYMAWjylYURhse752YgbE4Cx46AC+bAvI+/dYTPRk1LqSUnu6w==",
      "license": "MIT",
      "dependencies": {
        "mdn-data": "2.12.2",
        "source-map-js": "^1.0.1"
      },
      "engines": {
        "node": "^10 || ^12.20.0 || ^14.13.0 || >=15.0.0"
      }
    },
    "node_modules/mdn-data": {
      "version": "2.12.2",
      "resolved": "https://registry.npmjs.org/mdn-data/-/mdn-data-2.12.2.tgz",
      "integrity": "sha512-IEn+pegP1aManZuckezWCO+XZQDplx1366JoVhTpMpBB1sPey/SbveZQUosKiKiGYjg1wH4pMlNgXbCiYgihQA==",
      "license": "CC0-1.0"
    },
    "node_modules/source-map-js": {
      "version": "1.2.1",
      "resolved": "https://registry.npmjs.org/source-map-js/-/source-map-js-1.2.1.tgz",
      "integrity": "sha512-UXWMKhLOwVKb728IUtQPXxfYU+usdybtUrK/8uGE8CQMvrhOpwvzDBwj0QhSL7MQc7vIsISBG8VQ8+IDQxpfQA==",
      "license": "BSD-3-Clause",
      "engines": {
        "node": ">=0.10.0"
      }
    }
  }
}
